
Microsoft Visual Studio Solution File, Format Version 12.00
# Visual Studio Version 17
VisualStudioVersion = 17.7.34018.315
MinimumVisualStudioVersion = 10.0.40219.1
Project("{FAE04EC0-301F-11D3-BF4B-00C04F79EFBC}") = "NGO_DonationWebAPI", "NGO_DonationWebAPI\NGO_DonationWebAPI.csproj", "{91D5A2F9-D16C-426B-B633-BF58F1786DE0}"
EndProject
Project("{FAE04EC0-301F-11D3-BF4B-00C04F79EFBC}") = "DataAccessLayer", "DataAccessLayer\DataAccessLayer.csproj", "{0159E96A-6A5C-4B9A-B735-C2221A1143EE}"
EndProject
Project("{FAE04EC0-301F-11D3-BF4B-00C04F79EFBC}") = "App", "App\App.csproj", "{5D6AEDD7-2D20-4672-908B-76AE704CBA19}"
EndProject
Global
	GlobalSection(SolutionConfigurationPlatforms) = preSolution
		Debug|Any CPU = Debug|Any CPU
		Release|Any CPU = Release|Any CPU
	EndGlobalSection
	GlobalSection(ProjectConfigurationPlatforms) = postSolution
		{91D5A2F9-D16C-426B-B633-BF58F1786DE0}.Debug|Any CPU.ActiveCfg = Debug|Any CPU
		{91D5A2F9-D16C-426B-B633-BF58F1786DE0}.Debug|Any CPU.Build.0 = Debug|Any CPU
		{91D5A2F9-D16C-426B-B633-BF58F1786DE0}.Release|Any CPU.ActiveCfg = Release|Any CPU
		{91D5A2F9-D16C-426B-B633-BF58F1786DE0}.Release|Any CPU.Build.0 = Release|Any CPU
		{0159E96A-6A5C-4B9A-B735-C2221A1143EE}.Debug|Any CPU.ActiveCfg = Debug|Any CPU
		{0159E96A-6A5C-4B9A-B735-C2221A1143EE}.Debug|Any CPU.Build.0 = Debug|Any CPU
		{0159E96A-6A5C-4B9A-B735-C2221A1143EE}.Release|Any CPU.ActiveCfg = Release|Any CPU
		{0159E96A-6A5C-4B9A-B735-C2221A1143EE}.Release|Any CPU.Build.0 = Release|Any CPU
		{5D6AEDD7-2D20-4672-908B-76AE704CBA19}.Debug|Any CPU.ActiveCfg = Debug|Any CPU
		{5D6AEDD7-2D20-4672-908B-76AE704CBA19}.Debug|Any CPU.Build.0 = Debug|Any CPU
		{5D6AEDD7-2D20-4672-908B-76AE704CBA19}.Release|Any CPU.ActiveCfg = Release|Any CPU
		{5D6AEDD7-2D20-4672-908B-76AE704CBA19}.Release|Any CPU.Build.0 = Release|Any CPU
	EndGlobalSection
	GlobalSection(SolutionProperties) = preSolution
		HideSolutionNode = FALSE
	EndGlobalSection
	GlobalSection(ExtensibilityGlobals) = postSolution
		SolutionGuid = {5BEED6BB-E961-4308-8293-4F99D8FCF318}
	EndGlobalSection
EndGlobal
